// !$*UTF8*$!
{
	archiveVersion = 1;
	classes = {
	};
	objectVersion = 50;
	objects = {

/* Begin PBXBuildFile section */
		D4B5394B2696218700703167 /* AppDelegate.swift in Sources */ = {isa = PBXBuildFile; fileRef = D4B5394A2696218700703167 /* AppDelegate.swift */; };
		D4B5394D2696218700703167 /* SceneDelegate.swift in Sources */ = {isa = PBXBuildFile; fileRef = D4B5394C2696218700703167 /* SceneDelegate.swift */; };
		D4B5394F2696218700703167 /* ViewController.swift in Sources */ = {isa = PBXBuildFile; fileRef = D4B5394E2696218700703167 /* ViewController.swift */; };
		D4B539522696218700703167 /* Main.storyboard in Resources */ = {isa = PBXBuildFile; fileRef = D4B539502696218700703167 /* Main.storyboard */; };
		D4B539542696218800703167 /* Assets.xcassets in Resources */ = {isa = PBXBuildFile; fileRef = D4B539532696218800703167 /* Assets.xcassets */; };
		D4B539572696218800703167 /* LaunchScreen.storyboard in Resources */ = {isa = PBXBuildFile; fileRef = D4B539552696218800703167 /* LaunchScreen.storyboard */; };
		D4B539622696218800703167 /* weather_iosTests.swift in Sources */ = {isa = PBXBuildFile; fileRef = D4B539612696218800703167 /* weather_iosTests.swift */; };
		D4B5396D2696218800703167 /* weather_iosUITests.swift in Sources */ = {isa = PBXBuildFile; fileRef = D4B5396C2696218800703167 /* weather_iosUITests.swift */; };
/* End PBXBuildFile section */

/* Begin PBXContainerItemProxy section */
		D4B5395E2696218800703167 /* PBXContainerItemProxy */ = {
			isa = PBXContainerItemProxy;
			containerPortal = D4B5393F2696218700703167 /* Project object */;
			proxyType = 1;
			remoteGlobalIDString = D4B539462696218700703167;
			remoteInfo = "weather-ios";
		};
		D4B539692696218800703167 /* PBXContainerItemProxy */ = {
			isa = PBXContainerItemProxy;
			containerPortal = D4B5393F2696218700703167 /* Project object */;
			proxyType = 1;
			remoteGlobalIDString = D4B539462696218700703167;
			remoteInfo = "weather-ios";
		};
/* End PBXContainerItemProxy section */

/* Begin PBXFileReference section */
		D4B539472696218700703167 /* weather-ios.app */ = {isa = PBXFileReference; explicitFileType = wrapper.application; includeInIndex = 0; path = "weather-ios.app"; sourceTree = BUILT_PRODUCTS_DIR; };
		D4B5394A2696218700703167 /* AppDelegate.swift */ = {isa = PBXFileReference; lastKnownFileType = sourcecode.swift; path = AppDelegate.swift; sourceTree = "<group>"; };
		D4B5394C2696218700703167 /* SceneDelegate.swift */ = {isa = PBXFileReference; lastKnownFileType = sourcecode.swift; path = SceneDelegate.swift; sourceTree = "<group>"; };
		D4B5394E2696218700703167 /* ViewController.swift */ = {isa = PBXFileReference; lastKnownFileType = sourcecode.swift; path = ViewController.swift; sourceTree = "<group>"; };
		D4B539512696218700703167 /* Base */ = {isa = PBXFileReference; lastKnownFileType = file.storyboard; name = Base; path = Base.lproj/Main.storyboard; sourceTree = "<group>"; };
		D4B539532696218800703167 /* Assets.xcassets */ = {isa = PBXFileReference; lastKnownFileType = folder.assetcatalog; path = Assets.xcassets; sourceTree = "<group>"; };
		D4B539562696218800703167 /* Base */ = {isa = PBXFileReference; lastKnownFileType = file.storyboard; name = Base; path = Base.lproj/LaunchScreen.storyboard; sourceTree = "<group>"; };
		D4B539582696218800703167 /* Info.plist */ = {isa = PBXFileReference; lastKnownFileType = text.plist.xml; path = Info.plist; sourceTree = "<group>"; };
		D4B5395D2696218800703167 /* weather-iosTests.xctest */ = {isa = PBXFileReference; explicitFileType = wrapper.cfbundle; includeInIndex = 0; path = "weather-iosTests.xctest"; sourceTree = BUILT_PRODUCTS_DIR; };
		D4B539612696218800703167 /* weather_iosTests.swift */ = {isa = PBXFileReference; lastKnownFileType = sourcecode.swift; path = weather_iosTests.swift; sourceTree = "<group>"; };
		D4B539632696218800703167 /* Info.plist */ = {isa = PBXFileReference; lastKnownFileType = text.plist.xml; path = Info.plist; sourceTree = "<group>"; };
		D4B539682696218800703167 /* weather-iosUITests.xctest */ = {isa = PBXFileReference; explicitFileType = wrapper.cfbundle; includeInIndex = 0; path = "weather-iosUITests.xctest"; sourceTree = BUILT_PRODUCTS_DIR; };
		D4B5396C2696218800703167 /* weather_iosUITests.swift */ = {isa = PBXFileReference; lastKnownFileType = sourcecode.swift; path = weather_iosUITests.swift; sourceTree = "<group>"; };
		D4B5396E2696218800703167 /* Info.plist */ = {isa = PBXFileReference; lastKnownFileType = text.plist.xml; path = Info.plist; sourceTree = "<group>"; };
/* End PBXFileReference section */

/* Begin PBXFrameworksBuildPhase section */
		D4B539442696218700703167 /* Frameworks */ = {
			isa = PBXFrameworksBuildPhase;
			buildActionMask = 2147483647;
			files = (
			);
			runOnlyForDeploymentPostprocessing = 0;
		};
		D4B5395A2696218800703167 /* Frameworks */ = {
			isa = PBXFrameworksBuildPhase;
			buildActionMask = 2147483647;
			files = (
			);
			runOnlyForDeploymentPostprocessing = 0;
		};
		D4B539652696218800703167 /* Frameworks */ = {
			isa = PBXFrameworksBuildPhase;
			buildActionMask = 2147483647;
			files = (
			);
			runOnlyForDeploymentPostprocessing = 0;
		};
/* End PBXFrameworksBuildPhase section */

/* Begin PBXGroup section */
		D4B5393E2696218700703167 = {
			isa = PBXGroup;
			children = (
				D4B539492696218700703167 /* weather-ios */,
				D4B539602696218800703167 /* weather-iosTests */,
				D4B5396B2696218800703167 /* weather-iosUITests */,
				D4B539482696218700703167 /* Products */,
			);
			sourceTree = "<group>";
		};
		D4B539482696218700703167 /* Products */ = {
			isa = PBXGroup;
			children = (
				D4B539472696218700703167 /* weather-ios.app */,
				D4B5395D2696218800703167 /* weather-iosTests.xctest */,
				D4B539682696218800703167 /* weather-iosUITests.xctest */,
			);
			name = Products;
			sourceTree = "<group>";
		};
		D4B539492696218700703167 /* weather-ios */ = {
			isa = PBXGroup;
			children = (
				D4B5394A2696218700703167 /* AppDelegate.swift */,
				D4B5394C2696218700703167 /* SceneDelegate.swift */,
				D4B5394E2696218700703167 /* ViewController.swift */,
				D4B539502696218700703167 /* Main.storyboard */,
				D4B539532696218800703167 /* Assets.xcassets */,
				D4B539552696218800703167 /* LaunchScreen.storyboard */,
				D4B539582696218800703167 /* Info.plist */,
			);
			path = "weather-ios";
			sourceTree = "<group>";
		};
		D4B539602696218800703167 /* weather-iosTests */ = {
			isa = PBXGroup;
			children = (
				D4B539612696218800703167 /* weather_iosTests.swift */,
				D4B539632696218800703167 /* Info.plist */,
			);
			path = "weather-iosTests";
			sourceTree = "<group>";
		};
		D4B5396B2696218800703167 /* weather-iosUITests */ = {
			isa = PBXGroup;
			children = (
				D4B5396C2696218800703167 /* weather_iosUITests.swift */,
				D4B5396E2696218800703167 /* Info.plist */,
			);
			path = "weather-iosUITests";
			sourceTree = "<group>";
		};
/* End PBXGroup section */

/* Begin PBXNativeTarget section */
		D4B539462696218700703167 /* weather-ios */ = {
			isa = PBXNativeTarget;
			buildConfigurationList = D4B539712696218800703167 /* Build configuration list for PBXNativeTarget "weather-ios" */;
			buildPhases = (
				D4B539432696218700703167 /* Sources */,
				D4B539442696218700703167 /* Frameworks */,
				D4B539452696218700703167 /* Resources */,
			);
			buildRules = (
			);
			dependencies = (
			);
			name = "weather-ios";
			productName = "weather-ios";
			productReference = D4B539472696218700703167 /* weather-ios.app */;
			productType = "com.apple.product-type.application";
		};
		D4B5395C2696218800703167 /* weather-iosTests */ = {
			isa = PBXNativeTarget;
			buildConfigurationList = D4B539742696218800703167 /* Build configuration list for PBXNativeTarget "weather-iosTests" */;
			buildPhases = (
				D4B539592696218800703167 /* Sources */,
				D4B5395A2696218800703167 /* Frameworks */,
				D4B5395B2696218800703167 /* Resources */,
			);
			buildRules = (
			);
			dependencies = (
				D4B5395F2696218800703167 /* PBXTargetDependency */,
			);
			name = "weather-iosTests";
			productName = "weather-iosTests";
			productReference = D4B5395D2696218800703167 /* weather-iosTests.xctest */;
			productType = "com.apple.product-type.bundle.unit-test";
		};
		D4B539672696218800703167 /* weather-iosUITests */ = {
			isa = PBXNativeTarget;
			buildConfigurationList = D4B539772696218800703167 /* Build configuration list for PBXNativeTarget "weather-iosUITests" */;
			buildPhases = (
				D4B539642696218800703167 /* Sources */,
				D4B539652696218800703167 /* Frameworks */,
				D4B539662696218800703167 /* Resources */,
			);
			buildRules = (
			);
			dependencies = (
				D4B5396A2696218800703167 /* PBXTargetDependency */,
			);
			name = "weather-iosUITests";
			productName = "weather-iosUITests";
			productReference = D4B539682696218800703167 /* weather-iosUITests.xctest */;
			productType = "com.apple.product-type.bundle.ui-testing";
		};
/* End PBXNativeTarget section */

/* Begin PBXProject section */
		D4B5393F2696218700703167 /* Project object */ = {
			isa = PBXProject;
			attributes = {
				LastSwiftUpdateCheck = 1240;
				LastUpgradeCheck = 1240;
				TargetAttributes = {
					D4B539462696218700703167 = {
						CreatedOnToolsVersion = 12.4;
					};
					D4B5395C2696218800703167 = {
						CreatedOnToolsVersion = 12.4;
						TestTargetID = D4B539462696218700703167;
					};
					D4B539672696218800703167 = {
						CreatedOnToolsVersion = 12.4;
						TestTargetID = D4B539462696218700703167;
					};
				};
			};
			buildConfigurationList = D4B539422696218700703167 /* Build configuration list for PBXProject "weather-ios" */;
			compatibilityVersion = "Xcode 9.3";
			developmentRegion = en;
			hasScannedForEncodings = 0;
			knownRegions = (
				en,
				Base,
			);
			mainGroup = D4B5393E2696218700703167;
			productRefGroup = D4B539482696218700703167 /* Products */;
			projectDirPath = "";
			projectRoot = "";
			targets = (
				D4B539462696218700703167 /* weather-ios */,
				D4B5395C2696218800703167 /* weather-iosTests */,
				D4B539672696218800703167 /* weather-iosUITests */,
			);
		};
/* End PBXProject section */

/* Begin PBXResourcesBuildPhase section */
		D4B539452696218700703167 /* Resources */ = {
			isa = PBXResourcesBuildPhase;
			buildActionMask = 2147483647;
			files = (
				D4B539572696218800703167 /* LaunchScreen.storyboard in Resources */,
				D4B539542696218800703167 /* Assets.xcassets in Resources */,
				D4B539522696218700703167 /* Main.storyboard in Resources */,
			);
			runOnlyForDeploymentPostprocessing = 0;
		};
		D4B5395B2696218800703167 /* Resources */ = {
			isa = PBXResourcesBuildPhase;
			buildActionMask = 2147483647;
			files = (
			);
			runOnlyForDeploymentPostprocessing = 0;
		};
		D4B539662696218800703167 /* Resources */ = {
			isa = PBXResourcesBuildPhase;
			buildActionMask = 2147483647;
			files = (
			);
			runOnlyForDeploymentPostprocessing = 0;
		};
/* End PBXResourcesBuildPhase section */

/* Begin PBXSourcesBuildPhase section */
		D4B539432696218700703167 /* Sources */ = {
			isa = PBXSourcesBuildPhase;
			buildActionMask = 2147483647;
			files = (
				D4B5394F2696218700703167 /* ViewController.swift in Sources */,
				D4B5394B2696218700703167 /* AppDelegate.swift in Sources */,
				D4B5394D2696218700703167 /* SceneDelegate.swift in Sources */,
			);
			runOnlyForDeploymentPostprocessing = 0;
		};
		D4B539592696218800703167 /* Sources */ = {
			isa = PBXSourcesBuildPhase;
			buildActionMask = 2147483647;
			files = (
				D4B539622696218800703167 /* weather_iosTests.swift in Sources */,
			);
			runOnlyForDeploymentPostprocessing = 0;
		};
		D4B539642696218800703167 /* Sources */ = {
			isa = PBXSourcesBuildPhase;
			buildActionMask = 2147483647;
			files = (
				D4B5396D2696218800703167 /* weather_iosUITests.swift in Sources */,
			);
			runOnlyForDeploymentPostprocessing = 0;
		};
/* End PBXSourcesBuildPhase section */

/* Begin PBXTargetDependency section */
		D4B5395F2696218800703167 /* PBXTargetDependency */ = {
			isa = PBXTargetDependency;
			target = D4B539462696218700703167 /* weather-ios */;
			targetProxy = D4B5395E2696218800703167 /* PBXContainerItemProxy */;
		};
		D4B5396A2696218800703167 /* PBXTargetDependency */ = {
			isa = PBXTargetDependency;
			target = D4B539462696218700703167 /* weather-ios */;
			targetProxy = D4B539692696218800703167 /* PBXContainerItemProxy */;
		};
/* End PBXTargetDependency section */

/* Begin PBXVariantGroup section */
		D4B539502696218700703167 /* Main.storyboard */ = {
			isa = PBXVariantGroup;
			children = (
				D4B539512696218700703167 /* Base */,
			);
			name = Main.storyboard;
			sourceTree = "<group>";
		};
		D4B539552696218800703167 /* LaunchScreen.storyboard */ = {
			isa = PBXVariantGroup;
			children = (
				D4B539562696218800703167 /* Base */,
			);
			name = LaunchScreen.storyboard;
			sourceTree = "<group>";
		};
/* End PBXVariantGroup section */

/* Begin XCBuildConfiguration section */
		D4B5396F2696218800703167 /* Debug */ = {
			isa = XCBuildConfiguration;
			buildSettings = {
				ALWAYS_SEARCH_USER_PATHS = NO;
				CLANG_ANALYZER_NONNULL = YES;
				CLANG_ANALYZER_NUMBER_OBJECT_CONVERSION = YES_AGGRESSIVE;
				CLANG_CXX_LANGUAGE_STANDARD = "gnu++14";
				CLANG_CXX_LIBRARY = "libc++";
				CLANG_ENABLE_MODULES = YES;
				CLANG_ENABLE_OBJC_ARC = YES;
				CLANG_ENABLE_OBJC_WEAK = YES;
				CLANG_WARN_BLOCK_CAPTURE_AUTORELEASING = YES;
				CLANG_WARN_BOOL_CONVERSION = YES;
				CLANG_WARN_COMMA = YES;
				CLANG_WARN_CONSTANT_CONVERSION = YES;
				CLANG_WARN_DEPRECATED_OBJC_IMPLEMENTATIONS = YES;
				CLANG_WARN_DIRECT_OBJC_ISA_USAGE = YES_ERROR;
				CLANG_WARN_DOCUMENTATION_COMMENTS = YES;
				CLANG_WARN_EMPTY_BODY = YES;
				CLANG_WARN_ENUM_CONVERSION = YES;
				CLANG_WARN_INFINITE_RECURSION = YES;
				CLANG_WARN_INT_CONVERSION = YES;
				CLANG_WARN_NON_LITERAL_NULL_CONVERSION = YES;
				CLANG_WARN_OBJC_IMPLICIT_RETAIN_SELF = YES;
				CLANG_WARN_OBJC_LITERAL_CONVERSION = YES;
				CLANG_WARN_OBJC_ROOT_CLASS = YES_ERROR;
				CLANG_WARN_QUOTED_INCLUDE_IN_FRAMEWORK_HEADER = YES;
				CLANG_WARN_RANGE_LOOP_ANALYSIS = YES;
				CLANG_WARN_STRICT_PROTOTYPES = YES;
				CLANG_WARN_SUSPICIOUS_MOVE = YES;
				CLANG_WARN_UNGUARDED_AVAILABILITY = YES_AGGRESSIVE;
				CLANG_WARN_UNREACHABLE_CODE = YES;
				CLANG_WARN__DUPLICATE_METHOD_MATCH = YES;
				COPY_PHASE_STRIP = NO;
				DEBUG_INFORMATION_FORMAT = dwarf;
				ENABLE_STRICT_OBJC_MSGSEND = YES;
				ENABLE_TESTABILITY = YES;
				GCC_C_LANGUAGE_STANDARD = gnu11;
				GCC_DYNAMIC_NO_PIC = NO;
				GCC_NO_COMMON_BLOCKS = YES;
				GCC_OPTIMIZATION_LEVEL = 0;
				GCC_PREPROCESSOR_DEFINITIONS = (
					"DEBUG=1",
					"$(inherited)",
				);
				GCC_WARN_64_TO_32_BIT_CONVERSION = YES;
				GCC_WARN_ABOUT_RETURN_TYPE = YES_ERROR;
				GCC_WARN_UNDECLARED_SELECTOR = YES;
				GCC_WARN_UNINITIALIZED_AUTOS = YES_AGGRESSIVE;
				GCC_WARN_UNUSED_FUNCTION = YES;
				GCC_WARN_UNUSED_VARIABLE = YES;
				IPHONEOS_DEPLOYMENT_TARGET = 14.4;
				MTL_ENABLE_DEBUG_INFO = INCLUDE_SOURCE;
				MTL_FAST_MATH = YES;
				ONLY_ACTIVE_ARCH = YES;
				SDKROOT = iphoneos;
				SWIFT_ACTIVE_COMPILATION_CONDITIONS = DEBUG;
				SWIFT_OPTIMIZATION_LEVEL = "-Onone";
			};
			name = Debug;
		};
		D4B539702696218800703167 /* Release */ = {
			isa = XCBuildConfiguration;
			buildSettings = {
				ALWAYS_SEARCH_USER_PATHS = NO;
				CLANG_ANALYZER_NONNULL = YES;
				CLANG_ANALYZER_NUMBER_OBJECT_CONVERSION = YES_AGGRESSIVE;
				CLANG_CXX_LANGUAGE_STANDARD = "gnu++14";
				CLANG_CXX_LIBRARY = "libc++";
				CLANG_ENABLE_MODULES = YES;
				CLANG_ENABLE_OBJC_ARC = YES;
				CLANG_ENABLE_OBJC_WEAK = YES;
				CLANG_WARN_BLOCK_CAPTURE_AUTORELEASING = YES;
				CLANG_WARN_BOOL_CONVERSION = YES;
				CLANG_WARN_COMMA = YES;
				CLANG_WARN_CONSTANT_CONVERSION = YES;
				CLANG_WARN_DEPRECATED_OBJC_IMPLEMENTATIONS = YES;
				CLANG_WARN_DIRECT_OBJC_ISA_USAGE = YES_ERROR;
				CLANG_WARN_DOCUMENTATION_COMMENTS = YES;
				CLANG_WARN_EMPTY_BODY = YES;
				CLANG_WARN_ENUM_CONVERSION = YES;
				CLANG_WARN_INFINITE_RECURSION = YES;
				CLANG_WARN_INT_CONVERSION = YES;
				CLANG_WARN_NON_LITERAL_NULL_CONVERSION = YES;
				CLANG_WARN_OBJC_IMPLICIT_RETAIN_SELF = YES;
				CLANG_WARN_OBJC_LITERAL_CONVERSION = YES;
				CLANG_WARN_OBJC_ROOT_CLASS = YES_ERROR;
				CLANG_WARN_QUOTED_INCLUDE_IN_FRAMEWORK_HEADER = YES;
				CLANG_WARN_RANGE_LOOP_ANALYSIS = YES;
				CLANG_WARN_STRICT_PROTOTYPES = YES;
				CLANG_WARN_SUSPICIOUS_MOVE = YES;
				CLANG_WARN_UNGUARDED_AVAILABILITY = YES_AGGRESSIVE;
				CLANG_WARN_UNREACHABLE_CODE = YES;
				CLANG_WARN__DUPLICATE_METHOD_MATCH = YES;
				COPY_PHASE_STRIP = NO;
				DEBUG_INFORMATION_FORMAT = "dwarf-with-dsym";
				ENABLE_NS_ASSERTIONS = NO;
				ENABLE_STRICT_OBJC_MSGSEND = YES;
				GCC_C_LANGUAGE_STANDARD = gnu11;
				GCC_NO_COMMON_BLOCKS = YES;
				GCC_WARN_64_TO_32_BIT_CONVERSION = YES;
				GCC_WARN_ABOUT_RETURN_TYPE = YES_ERROR;
				GCC_WARN_UNDECLARED_SELECTOR = YES;
				GCC_WARN_UNINITIALIZED_AUTOS = YES_AGGRESSIVE;
				GCC_WARN_UNUSED_FUNCTION = YES;
				GCC_WARN_UNUSED_VARIABLE = YES;
				IPHONEOS_DEPLOYMENT_TARGET = 14.4;
				MTL_ENABLE_DEBUG_INFO = NO;
				MTL_FAST_MATH = YES;
				SDKROOT = iphoneos;
				SWIFT_COMPILATION_MODE = wholemodule;
				SWIFT_OPTIMIZATION_LEVEL = "-O";
				VALIDATE_PRODUCT = YES;
			};
			name = Release;
		};
		D4B539722696218800703167 /* Debug */ = {
			isa = XCBuildConfiguration;
			buildSettings = {
				ASSETCATALOG_COMPILER_APPICON_NAME = AppIcon;
				ASSETCATALOG_COMPILER_GLOBAL_ACCENT_COLOR_NAME = AccentColor;
				CODE_SIGN_STYLE = Automatic;
				DEVELOPMENT_TEAM = 8CS3UJM3LZ;
				INFOPLIST_FILE = "weather-ios/Info.plist";
				LD_RUNPATH_SEARCH_PATHS = (
					"$(inherited)",
					"@executable_path/Frameworks",
				);
				PRODUCT_BUNDLE_IDENTIFIER = "com.bmichau.weather-ios";
				PRODUCT_NAME = "$(TARGET_NAME)";
				SWIFT_VERSION = 5.0;
				TARGETED_DEVICE_FAMILY = "1,2";
			};
			name = Debug;
		};
		D4B539732696218800703167 /* Release */ = {
			isa = XCBuildConfiguration;
			buildSettings = {
				ASSETCATALOG_COMPILER_APPICON_NAME = AppIcon;
				ASSETCATALOG_COMPILER_GLOBAL_ACCENT_COLOR_NAME = AccentColor;
				CODE_SIGN_STYLE = Automatic;
				DEVELOPMENT_TEAM = 8CS3UJM3LZ;
				INFOPLIST_FILE = "weather-ios/Info.plist";
				LD_RUNPATH_SEARCH_PATHS = (
					"$(inherited)",
					"@executable_path/Frameworks",
				);
				PRODUCT_BUNDLE_IDENTIFIER = "com.bmichau.weather-ios";
				PRODUCT_NAME = "$(TARGET_NAME)";
				SWIFT_VERSION = 5.0;
				TARGETED_DEVICE_FAMILY = "1,2";
			};
			name = Release;
		};
		D4B539752696218800703167 /* Debug */ = {
			isa = XCBuildConfiguration;
			buildSettings = {
				ALWAYS_EMBED_SWIFT_STANDARD_LIBRARIES = YES;
				BUNDLE_LOADER = "$(TEST_HOST)";
				CODE_SIGN_STYLE = Automatic;
				DEVELOPMENT_TEAM = 8CS3UJM3LZ;
				INFOPLIST_FILE = "weather-iosTests/Info.plist";
				IPHONEOS_DEPLOYMENT_TARGET = 14.4;
				LD_RUNPATH_SEARCH_PATHS = (
					"$(inherited)",
					"@executable_path/Frameworks",
					"@loader_path/Frameworks",
				);
				PRODUCT_BUNDLE_IDENTIFIER = "com.bmichau.weather-iosTests";
				PRODUCT_NAME = "$(TARGET_NAME)";
				SWIFT_VERSION = 5.0;
				TARGETED_DEVICE_FAMILY = "1,2";
				TEST_HOST = "$(BUILT_PRODUCTS_DIR)/weather-ios.app/weather-ios";
			};
			name = Debug;
		};
		D4B539762696218800703167 /* Release */ = {
			isa = XCBuildConfiguration;
			buildSettings = {
				ALWAYS_EMBED_SWIFT_STANDARD_LIBRARIES = YES;
				BUNDLE_LOADER = "$(TEST_HOST)";
				CODE_SIGN_STYLE = Automatic;
				DEVELOPMENT_TEAM = 8CS3UJM3LZ;
				INFOPLIST_FILE = "weather-iosTests/Info.plist";
				IPHONEOS_DEPLOYMENT_TARGET = 14.4;
				LD_RUNPATH_SEARCH_PATHS = (
					"$(inherited)",
					"@executable_path/Frameworks",
					"@loader_path/Frameworks",
				);
				PRODUCT_BUNDLE_IDENTIFIER = "com.bmichau.weather-iosTests";
				PRODUCT_NAME = "$(TARGET_NAME)";
				SWIFT_VERSION = 5.0;
				TARGETED_DEVICE_FAMILY = "1,2";
				TEST_HOST = "$(BUILT_PRODUCTS_DIR)/weather-ios.app/weather-ios";
			};
			name = Release;
		};
		D4B539782696218800703167 /* Debug */ = {
			isa = XCBuildConfiguration;
			buildSettings = {
				ALWAYS_EMBED_SWIFT_STANDARD_LIBRARIES = YES;
				CODE_SIGN_STYLE = Automatic;
				DEVELOPMENT_TEAM = 8CS3UJM3LZ;
				INFOPLIST_FILE = "weather-iosUITests/Info.plist";
				LD_RUNPATH_SEARCH_PATHS = (
					"$(inherited)",
					"@executable_path/Frameworks",
					"@loader_path/Frameworks",
				);
				PRODUCT_BUNDLE_IDENTIFIER = "com.bmichau.weather-iosUITests";
				PRODUCT_NAME = "$(TARGET_NAME)";
				SWIFT_VERSION = 5.0;
				TARGETED_DEVICE_FAMILY = "1,2";
				TEST_TARGET_NAME = "weather-ios";
			};
			name = Debug;
		};
		D4B539792696218800703167 /* Release */ = {
			isa = XCBuildConfiguration;
			buildSettings = {
				ALWAYS_EMBED_SWIFT_STANDARD_LIBRARIES = YES;
				CODE_SIGN_STYLE = Automatic;
				DEVELOPMENT_TEAM = 8CS3UJM3LZ;
				INFOPLIST_FILE = "weather-iosUITests/Info.plist";
				LD_RUNPATH_SEARCH_PATHS = (
					"$(inherited)",
					"@executable_path/Frameworks",
					"@loader_path/Frameworks",
				);
				PRODUCT_BUNDLE_IDENTIFIER = "com.bmichau.weather-iosUITests";
				PRODUCT_NAME = "$(TARGET_NAME)";
				SWIFT_VERSION = 5.0;
				TARGETED_DEVICE_FAMILY = "1,2";
				TEST_TARGET_NAME = "weather-ios";
			};
			name = Release;
		};
/* End XCBuildConfiguration section */

/* Begin XCConfigurationList section */
		D4B539422696218700703167 /* Build configuration list for PBXProject "weather-ios" */ = {
			isa = XCConfigurationList;
			buildConfigurations = (
				D4B5396F2696218800703167 /* Debug */,
				D4B539702696218800703167 /* Release */,
			);
			defaultConfigurationIsVisible = 0;
			defaultConfigurationName = Release;
		};
		D4B539712696218800703167 /* Build configuration list for PBXNativeTarget "weather-ios" */ = {
			isa = XCConfigurationList;
			buildConfigurations = (
				D4B539722696218800703167 /* Debug */,
				D4B539732696218800703167 /* Release */,
			);
			defaultConfigurationIsVisible = 0;
			defaultConfigurationName = Release;
		};
		D4B539742696218800703167 /* Build configuration list for PBXNativeTarget "weather-iosTests" */ = {
			isa = XCConfigurationList;
			buildConfigurations = (
				D4B539752696218800703167 /* Debug */,
				D4B539762696218800703167 /* Release */,
			);
			defaultConfigurationIsVisible = 0;
			defaultConfigurationName = Release;
		};
		D4B539772696218800703167 /* Build configuration list for PBXNativeTarget "weather-iosUITests" */ = {
			isa = XCConfigurationList;
			buildConfigurations = (
				D4B539782696218800703167 /* Debug */,
				D4B539792696218800703167 /* Release */,
			);
			defaultConfigurationIsVisible = 0;
			defaultConfigurationName = Release;
		};
/* End XCConfigurationList section */
	};
	rootObject = D4B5393F2696218700703167 /* Project object */;
}
